
Microsoft Visual Studio Solution File, Format Version 12.00
# Visual Studio 15
VisualStudioVersion = 15.0.27703.2035
MinimumVisualStudioVersion = 10.0.40219.1
Project("{8BC9CEB8-8B4A-11D0-8D11-00A0C91BC942}") = "Banker's algorithm", "Banker's algorithm\Banker's algorithm.vcxproj", "{B313534C-ED82-4B15-96FB-26EA97AA3E15}"
EndProject
Global
	GlobalSection(SolutionConfigurationPlatforms) = preSolution
		Debug|x64 = Debug|x64
		Debug|x86 = Debug|x86
		Release|x64 = Release|x64
		Release|x86 = Release|x86
	EndGlobalSection
	GlobalSection(ProjectConfigurationPlatforms) = postSolution
		{B313534C-ED82-4B15-96FB-26EA97AA3E15}.Debug|x64.ActiveCfg = Debug|x64
		{B313534C-ED82-4B15-96FB-26EA97AA3E15}.Debug|x64.Build.0 = Debug|x64
		{B313534C-ED82-4B15-96FB-26EA97AA3E15}.Debug|x86.ActiveCfg = Debug|Win32
		{B313534C-ED82-4B15-96FB-26EA97AA3E15}.Debug|x86.Build.0 = Debug|Win32
		{B313534C-ED82-4B15-96FB-26EA97AA3E15}.Release|x64.ActiveCfg = Release|x64
		{B313534C-ED82-4B15-96FB-26EA97AA3E15}.Release|x64.Build.0 = Release|x64
		{B313534C-ED82-4B15-96FB-26EA97AA3E15}.Release|x86.ActiveCfg = Release|Win32
		{B313534C-ED82-4B15-96FB-26EA97AA3E15}.Release|x86.Build.0 = Release|Win32
	EndGlobalSection
	GlobalSection(SolutionProperties) = preSolution
		HideSolutionNode = FALSE
	EndGlobalSection
	GlobalSection(ExtensibilityGlobals) = postSolution
		SolutionGuid = {260E1E2C-22C0-403E-B35B-FB1B635BA92E}
	EndGlobalSection
EndGlobal
